// !$*UTF8*$!
{
	archiveVersion = 1;
	classes = {
	};
	objectVersion = 55;
	objects = {

/* Begin PBXBuildFile section */
		F9349E7E285E6B63008CF46A /* GuessTheFilmApp.swift in Sources */ = {isa = PBXBuildFile; fileRef = F9349E7D285E6B63008CF46A /* GuessTheFilmApp.swift */; };
		F9349E80285E6B63008CF46A /* ContentView.swift in Sources */ = {isa = PBXBuildFile; fileRef = F9349E7F285E6B63008CF46A /* ContentView.swift */; };
		F9349E82285E6B64008CF46A /* Assets.xcassets in Resources */ = {isa = PBXBuildFile; fileRef = F9349E81285E6B64008CF46A /* Assets.xcassets */; };
		F9349E85285E6B64008CF46A /* Preview Assets.xcassets in Resources */ = {isa = PBXBuildFile; fileRef = F9349E84285E6B64008CF46A /* Preview Assets.xcassets */; };
		F9349E8F285E6B64008CF46A /* GuessTheFilmTests.swift in Sources */ = {isa = PBXBuildFile; fileRef = F9349E8E285E6B64008CF46A /* GuessTheFilmTests.swift */; };
		F9349E99285E6B64008CF46A /* GuessTheFilmUITests.swift in Sources */ = {isa = PBXBuildFile; fileRef = F9349E98285E6B64008CF46A /* GuessTheFilmUITests.swift */; };
		F9349E9B285E6B64008CF46A /* GuessTheFilmUITestsLaunchTests.swift in Sources */ = {isa = PBXBuildFile; fileRef = F9349E9A285E6B64008CF46A /* GuessTheFilmUITestsLaunchTests.swift */; };
/* End PBXBuildFile section */

/* Begin PBXContainerItemProxy section */
		F9349E8B285E6B64008CF46A /* PBXContainerItemProxy */ = {
			isa = PBXContainerItemProxy;
			containerPortal = F9349E72285E6B63008CF46A /* Project object */;
			proxyType = 1;
			remoteGlobalIDString = F9349E79285E6B63008CF46A;
			remoteInfo = GuessTheFilm;
		};
		F9349E95285E6B64008CF46A /* PBXContainerItemProxy */ = {
			isa = PBXContainerItemProxy;
			containerPortal = F9349E72285E6B63008CF46A /* Project object */;
			proxyType = 1;
			remoteGlobalIDString = F9349E79285E6B63008CF46A;
			remoteInfo = GuessTheFilm;
		};
/* End PBXContainerItemProxy section */

/* Begin PBXFileReference section */
		F9349E7A285E6B63008CF46A /* GuessTheFilm.app */ = {isa = PBXFileReference; explicitFileType = wrapper.application; includeInIndex = 0; path = GuessTheFilm.app; sourceTree = BUILT_PRODUCTS_DIR; };
		F9349E7D285E6B63008CF46A /* GuessTheFilmApp.swift */ = {isa = PBXFileReference; lastKnownFileType = sourcecode.swift; path = GuessTheFilmApp.swift; sourceTree = "<group>"; };
		F9349E7F285E6B63008CF46A /* ContentView.swift */ = {isa = PBXFileReference; lastKnownFileType = sourcecode.swift; path = ContentView.swift; sourceTree = "<group>"; };
		F9349E81285E6B64008CF46A /* Assets.xcassets */ = {isa = PBXFileReference; lastKnownFileType = folder.assetcatalog; path = Assets.xcassets; sourceTree = "<group>"; };
		F9349E84285E6B64008CF46A /* Preview Assets.xcassets */ = {isa = PBXFileReference; lastKnownFileType = folder.assetcatalog; path = "Preview Assets.xcassets"; sourceTree = "<group>"; };
		F9349E8A285E6B64008CF46A /* GuessTheFilmTests.xctest */ = {isa = PBXFileReference; explicitFileType = wrapper.cfbundle; includeInIndex = 0; path = GuessTheFilmTests.xctest; sourceTree = BUILT_PRODUCTS_DIR; };
		F9349E8E285E6B64008CF46A /* GuessTheFilmTests.swift */ = {isa = PBXFileReference; lastKnownFileType = sourcecode.swift; path = GuessTheFilmTests.swift; sourceTree = "<group>"; };
		F9349E94285E6B64008CF46A /* GuessTheFilmUITests.xctest */ = {isa = PBXFileReference; explicitFileType = wrapper.cfbundle; includeInIndex = 0; path = GuessTheFilmUITests.xctest; sourceTree = BUILT_PRODUCTS_DIR; };
		F9349E98285E6B64008CF46A /* GuessTheFilmUITests.swift */ = {isa = PBXFileReference; lastKnownFileType = sourcecode.swift; path = GuessTheFilmUITests.swift; sourceTree = "<group>"; };
		F9349E9A285E6B64008CF46A /* GuessTheFilmUITestsLaunchTests.swift */ = {isa = PBXFileReference; lastKnownFileType = sourcecode.swift; path = GuessTheFilmUITestsLaunchTests.swift; sourceTree = "<group>"; };
/* End PBXFileReference section */

/* Begin PBXFrameworksBuildPhase section */
		F9349E77285E6B63008CF46A /* Frameworks */ = {
			isa = PBXFrameworksBuildPhase;
			buildActionMask = 2147483647;
			files = (
			);
			runOnlyForDeploymentPostprocessing = 0;
		};
		F9349E87285E6B64008CF46A /* Frameworks */ = {
			isa = PBXFrameworksBuildPhase;
			buildActionMask = 2147483647;
			files = (
			);
			runOnlyForDeploymentPostprocessing = 0;
		};
		F9349E91285E6B64008CF46A /* Frameworks */ = {
			isa = PBXFrameworksBuildPhase;
			buildActionMask = 2147483647;
			files = (
			);
			runOnlyForDeploymentPostprocessing = 0;
		};
/* End PBXFrameworksBuildPhase section */

/* Begin PBXGroup section */
		F9349E71285E6B63008CF46A = {
			isa = PBXGroup;
			children = (
				F9349E7C285E6B63008CF46A /* GuessTheFilm */,
				F9349E8D285E6B64008CF46A /* GuessTheFilmTests */,
				F9349E97285E6B64008CF46A /* GuessTheFilmUITests */,
				F9349E7B285E6B63008CF46A /* Products */,
			);
			sourceTree = "<group>";
		};
		F9349E7B285E6B63008CF46A /* Products */ = {
			isa = PBXGroup;
			children = (
				F9349E7A285E6B63008CF46A /* GuessTheFilm.app */,
				F9349E8A285E6B64008CF46A /* GuessTheFilmTests.xctest */,
				F9349E94285E6B64008CF46A /* GuessTheFilmUITests.xctest */,
			);
			name = Products;
			sourceTree = "<group>";
		};
		F9349E7C285E6B63008CF46A /* GuessTheFilm */ = {
			isa = PBXGroup;
			children = (
				F9349E7D285E6B63008CF46A /* GuessTheFilmApp.swift */,
				F9349E7F285E6B63008CF46A /* ContentView.swift */,
				F9349E81285E6B64008CF46A /* Assets.xcassets */,
				F9349E83285E6B64008CF46A /* Preview Content */,
			);
			path = GuessTheFilm;
			sourceTree = "<group>";
		};
		F9349E83285E6B64008CF46A /* Preview Content */ = {
			isa = PBXGroup;
			children = (
				F9349E84285E6B64008CF46A /* Preview Assets.xcassets */,
			);
			path = "Preview Content";
			sourceTree = "<group>";
		};
		F9349E8D285E6B64008CF46A /* GuessTheFilmTests */ = {
			isa = PBXGroup;
			children = (
				F9349E8E285E6B64008CF46A /* GuessTheFilmTests.swift */,
			);
			path = GuessTheFilmTests;
			sourceTree = "<group>";
		};
		F9349E97285E6B64008CF46A /* GuessTheFilmUITests */ = {
			isa = PBXGroup;
			children = (
				F9349E98285E6B64008CF46A /* GuessTheFilmUITests.swift */,
				F9349E9A285E6B64008CF46A /* GuessTheFilmUITestsLaunchTests.swift */,
			);
			path = GuessTheFilmUITests;
			sourceTree = "<group>";
		};
/* End PBXGroup section */

/* Begin PBXNativeTarget section */
		F9349E79285E6B63008CF46A /* GuessTheFilm */ = {
			isa = PBXNativeTarget;
			buildConfigurationList = F9349E9E285E6B64008CF46A /* Build configuration list for PBXNativeTarget "GuessTheFilm" */;
			buildPhases = (
				F9349E76285E6B63008CF46A /* Sources */,
				F9349E77285E6B63008CF46A /* Frameworks */,
				F9349E78285E6B63008CF46A /* Resources */,
			);
			buildRules = (
			);
			dependencies = (
			);
			name = GuessTheFilm;
			productName = GuessTheFilm;
			productReference = F9349E7A285E6B63008CF46A /* GuessTheFilm.app */;
			productType = "com.apple.product-type.application";
		};
		F9349E89285E6B64008CF46A /* GuessTheFilmTests */ = {
			isa = PBXNativeTarget;
			buildConfigurationList = F9349EA1285E6B64008CF46A /* Build configuration list for PBXNativeTarget "GuessTheFilmTests" */;
			buildPhases = (
				F9349E86285E6B64008CF46A /* Sources */,
				F9349E87285E6B64008CF46A /* Frameworks */,
				F9349E88285E6B64008CF46A /* Resources */,
			);
			buildRules = (
			);
			dependencies = (
				F9349E8C285E6B64008CF46A /* PBXTargetDependency */,
			);
			name = GuessTheFilmTests;
			productName = GuessTheFilmTests;
			productReference = F9349E8A285E6B64008CF46A /* GuessTheFilmTests.xctest */;
			productType = "com.apple.product-type.bundle.unit-test";
		};
		F9349E93285E6B64008CF46A /* GuessTheFilmUITests */ = {
			isa = PBXNativeTarget;
			buildConfigurationList = F9349EA4285E6B64008CF46A /* Build configuration list for PBXNativeTarget "GuessTheFilmUITests" */;
			buildPhases = (
				F9349E90285E6B64008CF46A /* Sources */,
				F9349E91285E6B64008CF46A /* Frameworks */,
				F9349E92285E6B64008CF46A /* Resources */,
			);
			buildRules = (
			);
			dependencies = (
				F9349E96285E6B64008CF46A /* PBXTargetDependency */,
			);
			name = GuessTheFilmUITests;
			productName = GuessTheFilmUITests;
			productReference = F9349E94285E6B64008CF46A /* GuessTheFilmUITests.xctest */;
			productType = "com.apple.product-type.bundle.ui-testing";
		};
/* End PBXNativeTarget section */

/* Begin PBXProject section */
		F9349E72285E6B63008CF46A /* Project object */ = {
			isa = PBXProject;
			attributes = {
				BuildIndependentTargetsInParallel = 1;
				LastSwiftUpdateCheck = 1340;
				LastUpgradeCheck = 1340;
				TargetAttributes = {
					F9349E79285E6B63008CF46A = {
						CreatedOnToolsVersion = 13.4.1;
					};
					F9349E89285E6B64008CF46A = {
						CreatedOnToolsVersion = 13.4.1;
						TestTargetID = F9349E79285E6B63008CF46A;
					};
					F9349E93285E6B64008CF46A = {
						CreatedOnToolsVersion = 13.4.1;
						TestTargetID = F9349E79285E6B63008CF46A;
					};
				};
			};
			buildConfigurationList = F9349E75285E6B63008CF46A /* Build configuration list for PBXProject "GuessTheFilm" */;
			compatibilityVersion = "Xcode 13.0";
			developmentRegion = en;
			hasScannedForEncodings = 0;
			knownRegions = (
				en,
				Base,
			);
			mainGroup = F9349E71285E6B63008CF46A;
			productRefGroup = F9349E7B285E6B63008CF46A /* Products */;
			projectDirPath = "";
			projectRoot = "";
			targets = (
				F9349E79285E6B63008CF46A /* GuessTheFilm */,
				F9349E89285E6B64008CF46A /* GuessTheFilmTests */,
				F9349E93285E6B64008CF46A /* GuessTheFilmUITests */,
			);
		};
/* End PBXProject section */

/* Begin PBXResourcesBuildPhase section */
		F9349E78285E6B63008CF46A /* Resources */ = {
			isa = PBXResourcesBuildPhase;
			buildActionMask = 2147483647;
			files = (
				F9349E85285E6B64008CF46A /* Preview Assets.xcassets in Resources */,
				F9349E82285E6B64008CF46A /* Assets.xcassets in Resources */,
			);
			runOnlyForDeploymentPostprocessing = 0;
		};
		F9349E88285E6B64008CF46A /* Resources */ = {
			isa = PBXResourcesBuildPhase;
			buildActionMask = 2147483647;
			files = (
			);
			runOnlyForDeploymentPostprocessing = 0;
		};
		F9349E92285E6B64008CF46A /* Resources */ = {
			isa = PBXResourcesBuildPhase;
			buildActionMask = 2147483647;
			files = (
			);
			runOnlyForDeploymentPostprocessing = 0;
		};
/* End PBXResourcesBuildPhase section */

/* Begin PBXSourcesBuildPhase section */
		F9349E76285E6B63008CF46A /* Sources */ = {
			isa = PBXSourcesBuildPhase;
			buildActionMask = 2147483647;
			files = (
				F9349E80285E6B63008CF46A /* ContentView.swift in Sources */,
				F9349E7E285E6B63008CF46A /* GuessTheFilmApp.swift in Sources */,
			);
			runOnlyForDeploymentPostprocessing = 0;
		};
		F9349E86285E6B64008CF46A /* Sources */ = {
			isa = PBXSourcesBuildPhase;
			buildActionMask = 2147483647;
			files = (
				F9349E8F285E6B64008CF46A /* GuessTheFilmTests.swift in Sources */,
			);
			runOnlyForDeploymentPostprocessing = 0;
		};
		F9349E90285E6B64008CF46A /* Sources */ = {
			isa = PBXSourcesBuildPhase;
			buildActionMask = 2147483647;
			files = (
				F9349E9B285E6B64008CF46A /* GuessTheFilmUITestsLaunchTests.swift in Sources */,
				F9349E99285E6B64008CF46A /* GuessTheFilmUITests.swift in Sources */,
			);
			runOnlyForDeploymentPostprocessing = 0;
		};
/* End PBXSourcesBuildPhase section */

/* Begin PBXTargetDependency section */
		F9349E8C285E6B64008CF46A /* PBXTargetDependency */ = {
			isa = PBXTargetDependency;
			target = F9349E79285E6B63008CF46A /* GuessTheFilm */;
			targetProxy = F9349E8B285E6B64008CF46A /* PBXContainerItemProxy */;
		};
		F9349E96285E6B64008CF46A /* PBXTargetDependency */ = {
			isa = PBXTargetDependency;
			target = F9349E79285E6B63008CF46A /* GuessTheFilm */;
			targetProxy = F9349E95285E6B64008CF46A /* PBXContainerItemProxy */;
		};
/* End PBXTargetDependency section */

/* Begin XCBuildConfiguration section */
		F9349E9C285E6B64008CF46A /* Debug */ = {
			isa = XCBuildConfiguration;
			buildSettings = {
				ALWAYS_SEARCH_USER_PATHS = NO;
				CLANG_ANALYZER_NONNULL = YES;
				CLANG_ANALYZER_NUMBER_OBJECT_CONVERSION = YES_AGGRESSIVE;
				CLANG_CXX_LANGUAGE_STANDARD = "gnu++17";
				CLANG_ENABLE_MODULES = YES;
				CLANG_ENABLE_OBJC_ARC = YES;
				CLANG_ENABLE_OBJC_WEAK = YES;
				CLANG_WARN_BLOCK_CAPTURE_AUTORELEASING = YES;
				CLANG_WARN_BOOL_CONVERSION = YES;
				CLANG_WARN_COMMA = YES;
				CLANG_WARN_CONSTANT_CONVERSION = YES;
				CLANG_WARN_DEPRECATED_OBJC_IMPLEMENTATIONS = YES;
				CLANG_WARN_DIRECT_OBJC_ISA_USAGE = YES_ERROR;
				CLANG_WARN_DOCUMENTATION_COMMENTS = YES;
				CLANG_WARN_EMPTY_BODY = YES;
				CLANG_WARN_ENUM_CONVERSION = YES;
				CLANG_WARN_INFINITE_RECURSION = YES;
				CLANG_WARN_INT_CONVERSION = YES;
				CLANG_WARN_NON_LITERAL_NULL_CONVERSION = YES;
				CLANG_WARN_OBJC_IMPLICIT_RETAIN_SELF = YES;
				CLANG_WARN_OBJC_LITERAL_CONVERSION = YES;
				CLANG_WARN_OBJC_ROOT_CLASS = YES_ERROR;
				CLANG_WARN_QUOTED_INCLUDE_IN_FRAMEWORK_HEADER = YES;
				CLANG_WARN_RANGE_LOOP_ANALYSIS = YES;
				CLANG_WARN_STRICT_PROTOTYPES = YES;
				CLANG_WARN_SUSPICIOUS_MOVE = YES;
				CLANG_WARN_UNGUARDED_AVAILABILITY = YES_AGGRESSIVE;
				CLANG_WARN_UNREACHABLE_CODE = YES;
				CLANG_WARN__DUPLICATE_METHOD_MATCH = YES;
				COPY_PHASE_STRIP = NO;
				DEBUG_INFORMATION_FORMAT = dwarf;
				ENABLE_STRICT_OBJC_MSGSEND = YES;
				ENABLE_TESTABILITY = YES;
				GCC_C_LANGUAGE_STANDARD = gnu11;
				GCC_DYNAMIC_NO_PIC = NO;
				GCC_NO_COMMON_BLOCKS = YES;
				GCC_OPTIMIZATION_LEVEL = 0;
				GCC_PREPROCESSOR_DEFINITIONS = (
					"DEBUG=1",
					"$(inherited)",
				);
				GCC_WARN_64_TO_32_BIT_CONVERSION = YES;
				GCC_WARN_ABOUT_RETURN_TYPE = YES_ERROR;
				GCC_WARN_UNDECLARED_SELECTOR = YES;
				GCC_WARN_UNINITIALIZED_AUTOS = YES_AGGRESSIVE;
				GCC_WARN_UNUSED_FUNCTION = YES;
				GCC_WARN_UNUSED_VARIABLE = YES;
				IPHONEOS_DEPLOYMENT_TARGET = 15.5;
				MTL_ENABLE_DEBUG_INFO = INCLUDE_SOURCE;
				MTL_FAST_MATH = YES;
				ONLY_ACTIVE_ARCH = YES;
				SDKROOT = iphoneos;
				SWIFT_ACTIVE_COMPILATION_CONDITIONS = DEBUG;
				SWIFT_OPTIMIZATION_LEVEL = "-Onone";
			};
			name = Debug;
		};
		F9349E9D285E6B64008CF46A /* Release */ = {
			isa = XCBuildConfiguration;
			buildSettings = {
				ALWAYS_SEARCH_USER_PATHS = NO;
				CLANG_ANALYZER_NONNULL = YES;
				CLANG_ANALYZER_NUMBER_OBJECT_CONVERSION = YES_AGGRESSIVE;
				CLANG_CXX_LANGUAGE_STANDARD = "gnu++17";
				CLANG_ENABLE_MODULES = YES;
				CLANG_ENABLE_OBJC_ARC = YES;
				CLANG_ENABLE_OBJC_WEAK = YES;
				CLANG_WARN_BLOCK_CAPTURE_AUTORELEASING = YES;
				CLANG_WARN_BOOL_CONVERSION = YES;
				CLANG_WARN_COMMA = YES;
				CLANG_WARN_CONSTANT_CONVERSION = YES;
				CLANG_WARN_DEPRECATED_OBJC_IMPLEMENTATIONS = YES;
				CLANG_WARN_DIRECT_OBJC_ISA_USAGE = YES_ERROR;
				CLANG_WARN_DOCUMENTATION_COMMENTS = YES;
				CLANG_WARN_EMPTY_BODY = YES;
				CLANG_WARN_ENUM_CONVERSION = YES;
				CLANG_WARN_INFINITE_RECURSION = YES;
				CLANG_WARN_INT_CONVERSION = YES;
				CLANG_WARN_NON_LITERAL_NULL_CONVERSION = YES;
				CLANG_WARN_OBJC_IMPLICIT_RETAIN_SELF = YES;
				CLANG_WARN_OBJC_LITERAL_CONVERSION = YES;
				CLANG_WARN_OBJC_ROOT_CLASS = YES_ERROR;
				CLANG_WARN_QUOTED_INCLUDE_IN_FRAMEWORK_HEADER = YES;
				CLANG_WARN_RANGE_LOOP_ANALYSIS = YES;
				CLANG_WARN_STRICT_PROTOTYPES = YES;
				CLANG_WARN_SUSPICIOUS_MOVE = YES;
				CLANG_WARN_UNGUARDED_AVAILABILITY = YES_AGGRESSIVE;
				CLANG_WARN_UNREACHABLE_CODE = YES;
				CLANG_WARN__DUPLICATE_METHOD_MATCH = YES;
				COPY_PHASE_STRIP = NO;
				DEBUG_INFORMATION_FORMAT = "dwarf-with-dsym";
				ENABLE_NS_ASSERTIONS = NO;
				ENABLE_STRICT_OBJC_MSGSEND = YES;
				GCC_C_LANGUAGE_STANDARD = gnu11;
				GCC_NO_COMMON_BLOCKS = YES;
				GCC_WARN_64_TO_32_BIT_CONVERSION = YES;
				GCC_WARN_ABOUT_RETURN_TYPE = YES_ERROR;
				GCC_WARN_UNDECLARED_SELECTOR = YES;
				GCC_WARN_UNINITIALIZED_AUTOS = YES_AGGRESSIVE;
				GCC_WARN_UNUSED_FUNCTION = YES;
				GCC_WARN_UNUSED_VARIABLE = YES;
				IPHONEOS_DEPLOYMENT_TARGET = 15.5;
				MTL_ENABLE_DEBUG_INFO = NO;
				MTL_FAST_MATH = YES;
				SDKROOT = iphoneos;
				SWIFT_COMPILATION_MODE = wholemodule;
				SWIFT_OPTIMIZATION_LEVEL = "-O";
				VALIDATE_PRODUCT = YES;
			};
			name = Release;
		};
		F9349E9F285E6B64008CF46A /* Debug */ = {
			isa = XCBuildConfiguration;
			buildSettings = {
				ASSETCATALOG_COMPILER_APPICON_NAME = AppIcon;
				ASSETCATALOG_COMPILER_GLOBAL_ACCENT_COLOR_NAME = AccentColor;
				CODE_SIGN_STYLE = Automatic;
				CURRENT_PROJECT_VERSION = 1;
				DEVELOPMENT_ASSET_PATHS = "\"GuessTheFilm/Preview Content\"";
				DEVELOPMENT_TEAM = Z4H2Q2CW7B;
				ENABLE_PREVIEWS = YES;
				GENERATE_INFOPLIST_FILE = YES;
				INFOPLIST_KEY_UIApplicationSceneManifest_Generation = YES;
				INFOPLIST_KEY_UIApplicationSupportsIndirectInputEvents = YES;
				INFOPLIST_KEY_UILaunchScreen_Generation = YES;
				INFOPLIST_KEY_UISupportedInterfaceOrientations_iPad = "UIInterfaceOrientationPortrait UIInterfaceOrientationPortraitUpsideDown UIInterfaceOrientationLandscapeLeft UIInterfaceOrientationLandscapeRight";
				INFOPLIST_KEY_UISupportedInterfaceOrientations_iPhone = "UIInterfaceOrientationPortrait UIInterfaceOrientationLandscapeLeft UIInterfaceOrientationLandscapeRight";
				LD_RUNPATH_SEARCH_PATHS = (
					"$(inherited)",
					"@executable_path/Frameworks",
				);
				MARKETING_VERSION = 1.0;
				PRODUCT_BUNDLE_IDENTIFIER = edu.self.GuessTheFilm;
				PRODUCT_NAME = "$(TARGET_NAME)";
				SWIFT_EMIT_LOC_STRINGS = YES;
				SWIFT_VERSION = 5.0;
				TARGETED_DEVICE_FAMILY = "1,2";
			};
			name = Debug;
		};
		F9349EA0285E6B64008CF46A /* Release */ = {
			isa = XCBuildConfiguration;
			buildSettings = {
				ASSETCATALOG_COMPILER_APPICON_NAME = AppIcon;
				ASSETCATALOG_COMPILER_GLOBAL_ACCENT_COLOR_NAME = AccentColor;
				CODE_SIGN_STYLE = Automatic;
				CURRENT_PROJECT_VERSION = 1;
				DEVELOPMENT_ASSET_PATHS = "\"GuessTheFilm/Preview Content\"";
				DEVELOPMENT_TEAM = Z4H2Q2CW7B;
				ENABLE_PREVIEWS = YES;
				GENERATE_INFOPLIST_FILE = YES;
				INFOPLIST_KEY_UIApplicationSceneManifest_Generation = YES;
				INFOPLIST_KEY_UIApplicationSupportsIndirectInputEvents = YES;
				INFOPLIST_KEY_UILaunchScreen_Generation = YES;
				INFOPLIST_KEY_UISupportedInterfaceOrientations_iPad = "UIInterfaceOrientationPortrait UIInterfaceOrientationPortraitUpsideDown UIInterfaceOrientationLandscapeLeft UIInterfaceOrientationLandscapeRight";
				INFOPLIST_KEY_UISupportedInterfaceOrientations_iPhone = "UIInterfaceOrientationPortrait UIInterfaceOrientationLandscapeLeft UIInterfaceOrientationLandscapeRight";
				LD_RUNPATH_SEARCH_PATHS = (
					"$(inherited)",
					"@executable_path/Frameworks",
				);
				MARKETING_VERSION = 1.0;
				PRODUCT_BUNDLE_IDENTIFIER = edu.self.GuessTheFilm;
				PRODUCT_NAME = "$(TARGET_NAME)";
				SWIFT_EMIT_LOC_STRINGS = YES;
				SWIFT_VERSION = 5.0;
				TARGETED_DEVICE_FAMILY = "1,2";
			};
			name = Release;
		};
		F9349EA2285E6B64008CF46A /* Debug */ = {
			isa = XCBuildConfiguration;
			buildSettings = {
				ALWAYS_EMBED_SWIFT_STANDARD_LIBRARIES = YES;
				BUNDLE_LOADER = "$(TEST_HOST)";
				CODE_SIGN_STYLE = Automatic;
				CURRENT_PROJECT_VERSION = 1;
				DEVELOPMENT_TEAM = Z4H2Q2CW7B;
				GENERATE_INFOPLIST_FILE = YES;
				IPHONEOS_DEPLOYMENT_TARGET = 15.5;
				MARKETING_VERSION = 1.0;
				PRODUCT_BUNDLE_IDENTIFIER = edu.self.GuessTheFilmTests;
				PRODUCT_NAME = "$(TARGET_NAME)";
				SWIFT_EMIT_LOC_STRINGS = NO;
				SWIFT_VERSION = 5.0;
				TARGETED_DEVICE_FAMILY = "1,2";
				TEST_HOST = "$(BUILT_PRODUCTS_DIR)/GuessTheFilm.app/GuessTheFilm";
			};
			name = Debug;
		};
		F9349EA3285E6B64008CF46A /* Release */ = {
			isa = XCBuildConfiguration;
			buildSettings = {
				ALWAYS_EMBED_SWIFT_STANDARD_LIBRARIES = YES;
				BUNDLE_LOADER = "$(TEST_HOST)";
				CODE_SIGN_STYLE = Automatic;
				CURRENT_PROJECT_VERSION = 1;
				DEVELOPMENT_TEAM = Z4H2Q2CW7B;
				GENERATE_INFOPLIST_FILE = YES;
				IPHONEOS_DEPLOYMENT_TARGET = 15.5;
				MARKETING_VERSION = 1.0;
				PRODUCT_BUNDLE_IDENTIFIER = edu.self.GuessTheFilmTests;
				PRODUCT_NAME = "$(TARGET_NAME)";
				SWIFT_EMIT_LOC_STRINGS = NO;
				SWIFT_VERSION = 5.0;
				TARGETED_DEVICE_FAMILY = "1,2";
				TEST_HOST = "$(BUILT_PRODUCTS_DIR)/GuessTheFilm.app/GuessTheFilm";
			};
			name = Release;
		};
		F9349EA5285E6B64008CF46A /* Debug */ = {
			isa = XCBuildConfiguration;
			buildSettings = {
				ALWAYS_EMBED_SWIFT_STANDARD_LIBRARIES = YES;
				CODE_SIGN_STYLE = Automatic;
				CURRENT_PROJECT_VERSION = 1;
				DEVELOPMENT_TEAM = Z4H2Q2CW7B;
				GENERATE_INFOPLIST_FILE = YES;
				MARKETING_VERSION = 1.0;
				PRODUCT_BUNDLE_IDENTIFIER = edu.self.GuessTheFilmUITests;
				PRODUCT_NAME = "$(TARGET_NAME)";
				SWIFT_EMIT_LOC_STRINGS = NO;
				SWIFT_VERSION = 5.0;
				TARGETED_DEVICE_FAMILY = "1,2";
				TEST_TARGET_NAME = GuessTheFilm;
			};
			name = Debug;
		};
		F9349EA6285E6B64008CF46A /* Release */ = {
			isa = XCBuildConfiguration;
			buildSettings = {
				ALWAYS_EMBED_SWIFT_STANDARD_LIBRARIES = YES;
				CODE_SIGN_STYLE = Automatic;
				CURRENT_PROJECT_VERSION = 1;
				DEVELOPMENT_TEAM = Z4H2Q2CW7B;
				GENERATE_INFOPLIST_FILE = YES;
				MARKETING_VERSION = 1.0;
				PRODUCT_BUNDLE_IDENTIFIER = edu.self.GuessTheFilmUITests;
				PRODUCT_NAME = "$(TARGET_NAME)";
				SWIFT_EMIT_LOC_STRINGS = NO;
				SWIFT_VERSION = 5.0;
				TARGETED_DEVICE_FAMILY = "1,2";
				TEST_TARGET_NAME = GuessTheFilm;
			};
			name = Release;
		};
/* End XCBuildConfiguration section */

/* Begin XCConfigurationList section */
		F9349E75285E6B63008CF46A /* Build configuration list for PBXProject "GuessTheFilm" */ = {
			isa = XCConfigurationList;
			buildConfigurations = (
				F9349E9C285E6B64008CF46A /* Debug */,
				F9349E9D285E6B64008CF46A /* Release */,
			);
			defaultConfigurationIsVisible = 0;
			defaultConfigurationName = Release;
		};
		F9349E9E285E6B64008CF46A /* Build configuration list for PBXNativeTarget "GuessTheFilm" */ = {
			isa = XCConfigurationList;
			buildConfigurations = (
				F9349E9F285E6B64008CF46A /* Debug */,
				F9349EA0285E6B64008CF46A /* Release */,
			);
			defaultConfigurationIsVisible = 0;
			defaultConfigurationName = Release;
		};
		F9349EA1285E6B64008CF46A /* Build configuration list for PBXNativeTarget "GuessTheFilmTests" */ = {
			isa = XCConfigurationList;
			buildConfigurations = (
				F9349EA2285E6B64008CF46A /* Debug */,
				F9349EA3285E6B64008CF46A /* Release */,
			);
			defaultConfigurationIsVisible = 0;
			defaultConfigurationName = Release;
		};
		F9349EA4285E6B64008CF46A /* Build configuration list for PBXNativeTarget "GuessTheFilmUITests" */ = {
			isa = XCConfigurationList;
			buildConfigurations = (
				F9349EA5285E6B64008CF46A /* Debug */,
				F9349EA6285E6B64008CF46A /* Release */,
			);
			defaultConfigurationIsVisible = 0;
			defaultConfigurationName = Release;
		};
/* End XCConfigurationList section */
	};
	rootObject = F9349E72285E6B63008CF46A /* Project object */;
}
