// !$*UTF8*$!
{
	archiveVersion = 1;
	classes = {
	};
	objectVersion = 55;
	objects = {

/* Begin PBXBuildFile section */
		F91913E22860F13700E0609B /* FoodPinApp.swift in Sources */ = {isa = PBXBuildFile; fileRef = F91913E12860F13700E0609B /* FoodPinApp.swift */; };
		F91913E42860F13700E0609B /* RestaurantListView.swift in Sources */ = {isa = PBXBuildFile; fileRef = F91913E32860F13700E0609B /* RestaurantListView.swift */; };
		F91913E62860F13900E0609B /* Assets.xcassets in Resources */ = {isa = PBXBuildFile; fileRef = F91913E52860F13900E0609B /* Assets.xcassets */; };
		F91913F32860F13900E0609B /* FoodPinTests.swift in Sources */ = {isa = PBXBuildFile; fileRef = F91913F22860F13900E0609B /* FoodPinTests.swift */; };
		F91913FD2860F13900E0609B /* FoodPinUITests.swift in Sources */ = {isa = PBXBuildFile; fileRef = F91913FC2860F13900E0609B /* FoodPinUITests.swift */; };
		F91913FF2860F13900E0609B /* FoodPinUITestsLaunchTests.swift in Sources */ = {isa = PBXBuildFile; fileRef = F91913FE2860F13900E0609B /* FoodPinUITestsLaunchTests.swift */; };
		F921634D286B9E95006542A8 /* UIColor+Ext.swift in Sources */ = {isa = PBXBuildFile; fileRef = F921634C286B9E95006542A8 /* UIColor+Ext.swift */; };
		F948CAD52867A1A600651F52 /* ActivityView.swift in Sources */ = {isa = PBXBuildFile; fileRef = F948CAD42867A1A600651F52 /* ActivityView.swift */; };
		F9A3234E286CD34000DC80C7 /* MapView.swift in Sources */ = {isa = PBXBuildFile; fileRef = F9A3234D286CD34000DC80C7 /* MapView.swift */; };
		F9A6DF30287DBF5000BA07AA /* ReviewView.swift in Sources */ = {isa = PBXBuildFile; fileRef = F9A6DF2F287DBF5000BA07AA /* ReviewView.swift */; };
		F9A95B20286A40AB00768375 /* RestaurantDetailView.swift in Sources */ = {isa = PBXBuildFile; fileRef = F9A95B1F286A40AB00768375 /* RestaurantDetailView.swift */; };
		F9B2D2E8286632C6005085BD /* Restaurant.swift in Sources */ = {isa = PBXBuildFile; fileRef = F9B2D2E7286632C6005085BD /* Restaurant.swift */; };
		F9EA2597286A5B3600EA5379 /* Nunito-Regular.ttf in Resources */ = {isa = PBXBuildFile; fileRef = F9EA2595286A5B3600EA5379 /* Nunito-Regular.ttf */; };
		F9EA2598286A5B3600EA5379 /* Nunito-Bold.ttf in Resources */ = {isa = PBXBuildFile; fileRef = F9EA2596286A5B3600EA5379 /* Nunito-Bold.ttf */; };
/* End PBXBuildFile section */

/* Begin PBXContainerItemProxy section */
		F91913EF2860F13900E0609B /* PBXContainerItemProxy */ = {
			isa = PBXContainerItemProxy;
			containerPortal = F91913D62860F13700E0609B /* Project object */;
			proxyType = 1;
			remoteGlobalIDString = F91913DD2860F13700E0609B;
			remoteInfo = FoodPin;
		};
		F91913F92860F13900E0609B /* PBXContainerItemProxy */ = {
			isa = PBXContainerItemProxy;
			containerPortal = F91913D62860F13700E0609B /* Project object */;
			proxyType = 1;
			remoteGlobalIDString = F91913DD2860F13700E0609B;
			remoteInfo = FoodPin;
		};
/* End PBXContainerItemProxy section */

/* Begin PBXFileReference section */
		F91913DE2860F13700E0609B /* FoodPin.app */ = {isa = PBXFileReference; explicitFileType = wrapper.application; includeInIndex = 0; path = FoodPin.app; sourceTree = BUILT_PRODUCTS_DIR; };
		F91913E12860F13700E0609B /* FoodPinApp.swift */ = {isa = PBXFileReference; lastKnownFileType = sourcecode.swift; path = FoodPinApp.swift; sourceTree = "<group>"; };
		F91913E32860F13700E0609B /* RestaurantListView.swift */ = {isa = PBXFileReference; lastKnownFileType = sourcecode.swift; path = RestaurantListView.swift; sourceTree = "<group>"; };
		F91913E52860F13900E0609B /* Assets.xcassets */ = {isa = PBXFileReference; lastKnownFileType = folder.assetcatalog; path = Assets.xcassets; sourceTree = "<group>"; };
		F91913EE2860F13900E0609B /* FoodPinTests.xctest */ = {isa = PBXFileReference; explicitFileType = wrapper.cfbundle; includeInIndex = 0; path = FoodPinTests.xctest; sourceTree = BUILT_PRODUCTS_DIR; };
		F91913F22860F13900E0609B /* FoodPinTests.swift */ = {isa = PBXFileReference; lastKnownFileType = sourcecode.swift; path = FoodPinTests.swift; sourceTree = "<group>"; };
		F91913F82860F13900E0609B /* FoodPinUITests.xctest */ = {isa = PBXFileReference; explicitFileType = wrapper.cfbundle; includeInIndex = 0; path = FoodPinUITests.xctest; sourceTree = BUILT_PRODUCTS_DIR; };
		F91913FC2860F13900E0609B /* FoodPinUITests.swift */ = {isa = PBXFileReference; lastKnownFileType = sourcecode.swift; path = FoodPinUITests.swift; sourceTree = "<group>"; };
		F91913FE2860F13900E0609B /* FoodPinUITestsLaunchTests.swift */ = {isa = PBXFileReference; lastKnownFileType = sourcecode.swift; path = FoodPinUITestsLaunchTests.swift; sourceTree = "<group>"; };
		F921634C286B9E95006542A8 /* UIColor+Ext.swift */ = {isa = PBXFileReference; lastKnownFileType = sourcecode.swift; path = "UIColor+Ext.swift"; sourceTree = "<group>"; };
		F948CAD42867A1A600651F52 /* ActivityView.swift */ = {isa = PBXFileReference; lastKnownFileType = sourcecode.swift; path = ActivityView.swift; sourceTree = "<group>"; };
		F9A3234D286CD34000DC80C7 /* MapView.swift */ = {isa = PBXFileReference; lastKnownFileType = sourcecode.swift; path = MapView.swift; sourceTree = "<group>"; };
		F9A6DF2F287DBF5000BA07AA /* ReviewView.swift */ = {isa = PBXFileReference; lastKnownFileType = sourcecode.swift; path = ReviewView.swift; sourceTree = "<group>"; };
		F9A95B1F286A40AB00768375 /* RestaurantDetailView.swift */ = {isa = PBXFileReference; lastKnownFileType = sourcecode.swift; path = RestaurantDetailView.swift; sourceTree = "<group>"; };
		F9B2D2E7286632C6005085BD /* Restaurant.swift */ = {isa = PBXFileReference; lastKnownFileType = sourcecode.swift; path = Restaurant.swift; sourceTree = "<group>"; };
		F9EA2595286A5B3600EA5379 /* Nunito-Regular.ttf */ = {isa = PBXFileReference; lastKnownFileType = file; path = "Nunito-Regular.ttf"; sourceTree = "<group>"; };
		F9EA2596286A5B3600EA5379 /* Nunito-Bold.ttf */ = {isa = PBXFileReference; lastKnownFileType = file; path = "Nunito-Bold.ttf"; sourceTree = "<group>"; };
		F9EA2599286A5BF000EA5379 /* Info.plist */ = {isa = PBXFileReference; lastKnownFileType = text.plist; path = Info.plist; sourceTree = "<group>"; };
/* End PBXFileReference section */

/* Begin PBXFrameworksBuildPhase section */
		F91913DB2860F13700E0609B /* Frameworks */ = {
			isa = PBXFrameworksBuildPhase;
			buildActionMask = 2147483647;
			files = (
			);
			runOnlyForDeploymentPostprocessing = 0;
		};
		F91913EB2860F13900E0609B /* Frameworks */ = {
			isa = PBXFrameworksBuildPhase;
			buildActionMask = 2147483647;
			files = (
			);
			runOnlyForDeploymentPostprocessing = 0;
		};
		F91913F52860F13900E0609B /* Frameworks */ = {
			isa = PBXFrameworksBuildPhase;
			buildActionMask = 2147483647;
			files = (
			);
			runOnlyForDeploymentPostprocessing = 0;
		};
/* End PBXFrameworksBuildPhase section */

/* Begin PBXGroup section */
		F91913D52860F13700E0609B = {
			isa = PBXGroup;
			children = (
				F91913E02860F13700E0609B /* FoodPin */,
				F91913F12860F13900E0609B /* FoodPinTests */,
				F91913FB2860F13900E0609B /* FoodPinUITests */,
				F91913DF2860F13700E0609B /* Products */,
			);
			sourceTree = "<group>";
		};
		F91913DF2860F13700E0609B /* Products */ = {
			isa = PBXGroup;
			children = (
				F91913DE2860F13700E0609B /* FoodPin.app */,
				F91913EE2860F13900E0609B /* FoodPinTests.xctest */,
				F91913F82860F13900E0609B /* FoodPinUITests.xctest */,
			);
			name = Products;
			sourceTree = "<group>";
		};
		F91913E02860F13700E0609B /* FoodPin */ = {
			isa = PBXGroup;
			children = (
				F921634B286B9E6B006542A8 /* Extensions */,
				F9EA2599286A5BF000EA5379 /* Info.plist */,
				F9A95B21286A595C00768375 /* Resources */,
				F9B2D2EA28663812005085BD /* Model */,
				F9B2D2E9286637D9005085BD /* View */,
				F91913E12860F13700E0609B /* FoodPinApp.swift */,
				F91913E52860F13900E0609B /* Assets.xcassets */,
			);
			path = FoodPin;
			sourceTree = "<group>";
		};
		F91913F12860F13900E0609B /* FoodPinTests */ = {
			isa = PBXGroup;
			children = (
				F91913F22860F13900E0609B /* FoodPinTests.swift */,
			);
			path = FoodPinTests;
			sourceTree = "<group>";
		};
		F91913FB2860F13900E0609B /* FoodPinUITests */ = {
			isa = PBXGroup;
			children = (
				F91913FC2860F13900E0609B /* FoodPinUITests.swift */,
				F91913FE2860F13900E0609B /* FoodPinUITestsLaunchTests.swift */,
			);
			path = FoodPinUITests;
			sourceTree = "<group>";
		};
		F921634B286B9E6B006542A8 /* Extensions */ = {
			isa = PBXGroup;
			children = (
				F921634C286B9E95006542A8 /* UIColor+Ext.swift */,
			);
			path = Extensions;
			sourceTree = "<group>";
		};
		F9A95B21286A595C00768375 /* Resources */ = {
			isa = PBXGroup;
			children = (
				F9A95B22286A597C00768375 /* Fonts */,
			);
			path = Resources;
			sourceTree = "<group>";
		};
		F9A95B22286A597C00768375 /* Fonts */ = {
			isa = PBXGroup;
			children = (
				F9EA2596286A5B3600EA5379 /* Nunito-Bold.ttf */,
				F9EA2595286A5B3600EA5379 /* Nunito-Regular.ttf */,
			);
			path = Fonts;
			sourceTree = "<group>";
		};
		F9B2D2E9286637D9005085BD /* View */ = {
			isa = PBXGroup;
			children = (
				F91913E32860F13700E0609B /* RestaurantListView.swift */,
				F9A95B1F286A40AB00768375 /* RestaurantDetailView.swift */,
				F948CAD42867A1A600651F52 /* ActivityView.swift */,
				F9A3234D286CD34000DC80C7 /* MapView.swift */,
				F9A6DF2F287DBF5000BA07AA /* ReviewView.swift */,
			);
			path = View;
			sourceTree = "<group>";
		};
		F9B2D2EA28663812005085BD /* Model */ = {
			isa = PBXGroup;
			children = (
				F9B2D2E7286632C6005085BD /* Restaurant.swift */,
			);
			path = Model;
			sourceTree = "<group>";
		};
/* End PBXGroup section */

/* Begin PBXNativeTarget section */
		F91913DD2860F13700E0609B /* FoodPin */ = {
			isa = PBXNativeTarget;
			buildConfigurationList = F91914022860F13900E0609B /* Build configuration list for PBXNativeTarget "FoodPin" */;
			buildPhases = (
				F91913DA2860F13700E0609B /* Sources */,
				F91913DB2860F13700E0609B /* Frameworks */,
				F91913DC2860F13700E0609B /* Resources */,
			);
			buildRules = (
			);
			dependencies = (
			);
			name = FoodPin;
			productName = FoodPin;
			productReference = F91913DE2860F13700E0609B /* FoodPin.app */;
			productType = "com.apple.product-type.application";
		};
		F91913ED2860F13900E0609B /* FoodPinTests */ = {
			isa = PBXNativeTarget;
			buildConfigurationList = F91914052860F13900E0609B /* Build configuration list for PBXNativeTarget "FoodPinTests" */;
			buildPhases = (
				F91913EA2860F13900E0609B /* Sources */,
				F91913EB2860F13900E0609B /* Frameworks */,
				F91913EC2860F13900E0609B /* Resources */,
			);
			buildRules = (
			);
			dependencies = (
				F91913F02860F13900E0609B /* PBXTargetDependency */,
			);
			name = FoodPinTests;
			productName = FoodPinTests;
			productReference = F91913EE2860F13900E0609B /* FoodPinTests.xctest */;
			productType = "com.apple.product-type.bundle.unit-test";
		};
		F91913F72860F13900E0609B /* FoodPinUITests */ = {
			isa = PBXNativeTarget;
			buildConfigurationList = F91914082860F13900E0609B /* Build configuration list for PBXNativeTarget "FoodPinUITests" */;
			buildPhases = (
				F91913F42860F13900E0609B /* Sources */,
				F91913F52860F13900E0609B /* Frameworks */,
				F91913F62860F13900E0609B /* Resources */,
			);
			buildRules = (
			);
			dependencies = (
				F91913FA2860F13900E0609B /* PBXTargetDependency */,
			);
			name = FoodPinUITests;
			productName = FoodPinUITests;
			productReference = F91913F82860F13900E0609B /* FoodPinUITests.xctest */;
			productType = "com.apple.product-type.bundle.ui-testing";
		};
/* End PBXNativeTarget section */

/* Begin PBXProject section */
		F91913D62860F13700E0609B /* Project object */ = {
			isa = PBXProject;
			attributes = {
				BuildIndependentTargetsInParallel = 1;
				LastSwiftUpdateCheck = 1340;
				LastUpgradeCheck = 1340;
				TargetAttributes = {
					F91913DD2860F13700E0609B = {
						CreatedOnToolsVersion = 13.4.1;
					};
					F91913ED2860F13900E0609B = {
						CreatedOnToolsVersion = 13.4.1;
						TestTargetID = F91913DD2860F13700E0609B;
					};
					F91913F72860F13900E0609B = {
						CreatedOnToolsVersion = 13.4.1;
						TestTargetID = F91913DD2860F13700E0609B;
					};
				};
			};
			buildConfigurationList = F91913D92860F13700E0609B /* Build configuration list for PBXProject "FoodPin" */;
			compatibilityVersion = "Xcode 13.0";
			developmentRegion = en;
			hasScannedForEncodings = 0;
			knownRegions = (
				en,
				Base,
			);
			mainGroup = F91913D52860F13700E0609B;
			productRefGroup = F91913DF2860F13700E0609B /* Products */;
			projectDirPath = "";
			projectRoot = "";
			targets = (
				F91913DD2860F13700E0609B /* FoodPin */,
				F91913ED2860F13900E0609B /* FoodPinTests */,
				F91913F72860F13900E0609B /* FoodPinUITests */,
			);
		};
/* End PBXProject section */

/* Begin PBXResourcesBuildPhase section */
		F91913DC2860F13700E0609B /* Resources */ = {
			isa = PBXResourcesBuildPhase;
			buildActionMask = 2147483647;
			files = (
				F9EA2597286A5B3600EA5379 /* Nunito-Regular.ttf in Resources */,
				F9EA2598286A5B3600EA5379 /* Nunito-Bold.ttf in Resources */,
				F91913E62860F13900E0609B /* Assets.xcassets in Resources */,
			);
			runOnlyForDeploymentPostprocessing = 0;
		};
		F91913EC2860F13900E0609B /* Resources */ = {
			isa = PBXResourcesBuildPhase;
			buildActionMask = 2147483647;
			files = (
			);
			runOnlyForDeploymentPostprocessing = 0;
		};
		F91913F62860F13900E0609B /* Resources */ = {
			isa = PBXResourcesBuildPhase;
			buildActionMask = 2147483647;
			files = (
			);
			runOnlyForDeploymentPostprocessing = 0;
		};
/* End PBXResourcesBuildPhase section */

/* Begin PBXSourcesBuildPhase section */
		F91913DA2860F13700E0609B /* Sources */ = {
			isa = PBXSourcesBuildPhase;
			buildActionMask = 2147483647;
			files = (
				F9A6DF30287DBF5000BA07AA /* ReviewView.swift in Sources */,
				F9A3234E286CD34000DC80C7 /* MapView.swift in Sources */,
				F91913E42860F13700E0609B /* RestaurantListView.swift in Sources */,
				F9A95B20286A40AB00768375 /* RestaurantDetailView.swift in Sources */,
				F948CAD52867A1A600651F52 /* ActivityView.swift in Sources */,
				F921634D286B9E95006542A8 /* UIColor+Ext.swift in Sources */,
				F91913E22860F13700E0609B /* FoodPinApp.swift in Sources */,
				F9B2D2E8286632C6005085BD /* Restaurant.swift in Sources */,
			);
			runOnlyForDeploymentPostprocessing = 0;
		};
		F91913EA2860F13900E0609B /* Sources */ = {
			isa = PBXSourcesBuildPhase;
			buildActionMask = 2147483647;
			files = (
				F91913F32860F13900E0609B /* FoodPinTests.swift in Sources */,
			);
			runOnlyForDeploymentPostprocessing = 0;
		};
		F91913F42860F13900E0609B /* Sources */ = {
			isa = PBXSourcesBuildPhase;
			buildActionMask = 2147483647;
			files = (
				F91913FF2860F13900E0609B /* FoodPinUITestsLaunchTests.swift in Sources */,
				F91913FD2860F13900E0609B /* FoodPinUITests.swift in Sources */,
			);
			runOnlyForDeploymentPostprocessing = 0;
		};
/* End PBXSourcesBuildPhase section */

/* Begin PBXTargetDependency section */
		F91913F02860F13900E0609B /* PBXTargetDependency */ = {
			isa = PBXTargetDependency;
			target = F91913DD2860F13700E0609B /* FoodPin */;
			targetProxy = F91913EF2860F13900E0609B /* PBXContainerItemProxy */;
		};
		F91913FA2860F13900E0609B /* PBXTargetDependency */ = {
			isa = PBXTargetDependency;
			target = F91913DD2860F13700E0609B /* FoodPin */;
			targetProxy = F91913F92860F13900E0609B /* PBXContainerItemProxy */;
		};
/* End PBXTargetDependency section */

/* Begin XCBuildConfiguration section */
		F91914002860F13900E0609B /* Debug */ = {
			isa = XCBuildConfiguration;
			buildSettings = {
				ALWAYS_SEARCH_USER_PATHS = NO;
				CLANG_ANALYZER_NONNULL = YES;
				CLANG_ANALYZER_NUMBER_OBJECT_CONVERSION = YES_AGGRESSIVE;
				CLANG_CXX_LANGUAGE_STANDARD = "gnu++17";
				CLANG_ENABLE_MODULES = YES;
				CLANG_ENABLE_OBJC_ARC = YES;
				CLANG_ENABLE_OBJC_WEAK = YES;
				CLANG_WARN_BLOCK_CAPTURE_AUTORELEASING = YES;
				CLANG_WARN_BOOL_CONVERSION = YES;
				CLANG_WARN_COMMA = YES;
				CLANG_WARN_CONSTANT_CONVERSION = YES;
				CLANG_WARN_DEPRECATED_OBJC_IMPLEMENTATIONS = YES;
				CLANG_WARN_DIRECT_OBJC_ISA_USAGE = YES_ERROR;
				CLANG_WARN_DOCUMENTATION_COMMENTS = YES;
				CLANG_WARN_EMPTY_BODY = YES;
				CLANG_WARN_ENUM_CONVERSION = YES;
				CLANG_WARN_INFINITE_RECURSION = YES;
				CLANG_WARN_INT_CONVERSION = YES;
				CLANG_WARN_NON_LITERAL_NULL_CONVERSION = YES;
				CLANG_WARN_OBJC_IMPLICIT_RETAIN_SELF = YES;
				CLANG_WARN_OBJC_LITERAL_CONVERSION = YES;
				CLANG_WARN_OBJC_ROOT_CLASS = YES_ERROR;
				CLANG_WARN_QUOTED_INCLUDE_IN_FRAMEWORK_HEADER = YES;
				CLANG_WARN_RANGE_LOOP_ANALYSIS = YES;
				CLANG_WARN_STRICT_PROTOTYPES = YES;
				CLANG_WARN_SUSPICIOUS_MOVE = YES;
				CLANG_WARN_UNGUARDED_AVAILABILITY = YES_AGGRESSIVE;
				CLANG_WARN_UNREACHABLE_CODE = YES;
				CLANG_WARN__DUPLICATE_METHOD_MATCH = YES;
				COPY_PHASE_STRIP = NO;
				DEBUG_INFORMATION_FORMAT = dwarf;
				ENABLE_STRICT_OBJC_MSGSEND = YES;
				ENABLE_TESTABILITY = YES;
				GCC_C_LANGUAGE_STANDARD = gnu11;
				GCC_DYNAMIC_NO_PIC = NO;
				GCC_NO_COMMON_BLOCKS = YES;
				GCC_OPTIMIZATION_LEVEL = 0;
				GCC_PREPROCESSOR_DEFINITIONS = (
					"DEBUG=1",
					"$(inherited)",
				);
				GCC_WARN_64_TO_32_BIT_CONVERSION = YES;
				GCC_WARN_ABOUT_RETURN_TYPE = YES_ERROR;
				GCC_WARN_UNDECLARED_SELECTOR = YES;
				GCC_WARN_UNINITIALIZED_AUTOS = YES_AGGRESSIVE;
				GCC_WARN_UNUSED_FUNCTION = YES;
				GCC_WARN_UNUSED_VARIABLE = YES;
				IPHONEOS_DEPLOYMENT_TARGET = 15.5;
				MTL_ENABLE_DEBUG_INFO = INCLUDE_SOURCE;
				MTL_FAST_MATH = YES;
				ONLY_ACTIVE_ARCH = YES;
				SDKROOT = iphoneos;
				SWIFT_ACTIVE_COMPILATION_CONDITIONS = DEBUG;
				SWIFT_OPTIMIZATION_LEVEL = "-Onone";
			};
			name = Debug;
		};
		F91914012860F13900E0609B /* Release */ = {
			isa = XCBuildConfiguration;
			buildSettings = {
				ALWAYS_SEARCH_USER_PATHS = NO;
				CLANG_ANALYZER_NONNULL = YES;
				CLANG_ANALYZER_NUMBER_OBJECT_CONVERSION = YES_AGGRESSIVE;
				CLANG_CXX_LANGUAGE_STANDARD = "gnu++17";
				CLANG_ENABLE_MODULES = YES;
				CLANG_ENABLE_OBJC_ARC = YES;
				CLANG_ENABLE_OBJC_WEAK = YES;
				CLANG_WARN_BLOCK_CAPTURE_AUTORELEASING = YES;
				CLANG_WARN_BOOL_CONVERSION = YES;
				CLANG_WARN_COMMA = YES;
				CLANG_WARN_CONSTANT_CONVERSION = YES;
				CLANG_WARN_DEPRECATED_OBJC_IMPLEMENTATIONS = YES;
				CLANG_WARN_DIRECT_OBJC_ISA_USAGE = YES_ERROR;
				CLANG_WARN_DOCUMENTATION_COMMENTS = YES;
				CLANG_WARN_EMPTY_BODY = YES;
				CLANG_WARN_ENUM_CONVERSION = YES;
				CLANG_WARN_INFINITE_RECURSION = YES;
				CLANG_WARN_INT_CONVERSION = YES;
				CLANG_WARN_NON_LITERAL_NULL_CONVERSION = YES;
				CLANG_WARN_OBJC_IMPLICIT_RETAIN_SELF = YES;
				CLANG_WARN_OBJC_LITERAL_CONVERSION = YES;
				CLANG_WARN_OBJC_ROOT_CLASS = YES_ERROR;
				CLANG_WARN_QUOTED_INCLUDE_IN_FRAMEWORK_HEADER = YES;
				CLANG_WARN_RANGE_LOOP_ANALYSIS = YES;
				CLANG_WARN_STRICT_PROTOTYPES = YES;
				CLANG_WARN_SUSPICIOUS_MOVE = YES;
				CLANG_WARN_UNGUARDED_AVAILABILITY = YES_AGGRESSIVE;
				CLANG_WARN_UNREACHABLE_CODE = YES;
				CLANG_WARN__DUPLICATE_METHOD_MATCH = YES;
				COPY_PHASE_STRIP = NO;
				DEBUG_INFORMATION_FORMAT = "dwarf-with-dsym";
				ENABLE_NS_ASSERTIONS = NO;
				ENABLE_STRICT_OBJC_MSGSEND = YES;
				GCC_C_LANGUAGE_STANDARD = gnu11;
				GCC_NO_COMMON_BLOCKS = YES;
				GCC_WARN_64_TO_32_BIT_CONVERSION = YES;
				GCC_WARN_ABOUT_RETURN_TYPE = YES_ERROR;
				GCC_WARN_UNDECLARED_SELECTOR = YES;
				GCC_WARN_UNINITIALIZED_AUTOS = YES_AGGRESSIVE;
				GCC_WARN_UNUSED_FUNCTION = YES;
				GCC_WARN_UNUSED_VARIABLE = YES;
				IPHONEOS_DEPLOYMENT_TARGET = 15.5;
				MTL_ENABLE_DEBUG_INFO = NO;
				MTL_FAST_MATH = YES;
				SDKROOT = iphoneos;
				SWIFT_COMPILATION_MODE = wholemodule;
				SWIFT_OPTIMIZATION_LEVEL = "-O";
				VALIDATE_PRODUCT = YES;
			};
			name = Release;
		};
		F91914032860F13900E0609B /* Debug */ = {
			isa = XCBuildConfiguration;
			buildSettings = {
				ASSETCATALOG_COMPILER_APPICON_NAME = AppIcon;
				ASSETCATALOG_COMPILER_GLOBAL_ACCENT_COLOR_NAME = AccentColor;
				CODE_SIGN_STYLE = Automatic;
				CURRENT_PROJECT_VERSION = 1;
				DEVELOPMENT_ASSET_PATHS = "\"FoodPin/Preview Content\"";
				DEVELOPMENT_TEAM = Z4H2Q2CW7B;
				ENABLE_PREVIEWS = YES;
				GENERATE_INFOPLIST_FILE = YES;
				INFOPLIST_FILE = FoodPin/Info.plist;
				INFOPLIST_KEY_UIApplicationSceneManifest_Generation = YES;
				INFOPLIST_KEY_UIApplicationSupportsIndirectInputEvents = YES;
				INFOPLIST_KEY_UILaunchScreen_Generation = YES;
				INFOPLIST_KEY_UISupportedInterfaceOrientations_iPad = "UIInterfaceOrientationPortrait UIInterfaceOrientationPortraitUpsideDown UIInterfaceOrientationLandscapeLeft UIInterfaceOrientationLandscapeRight";
				INFOPLIST_KEY_UISupportedInterfaceOrientations_iPhone = "UIInterfaceOrientationPortrait UIInterfaceOrientationLandscapeLeft UIInterfaceOrientationLandscapeRight";
				LD_RUNPATH_SEARCH_PATHS = (
					"$(inherited)",
					"@executable_path/Frameworks",
				);
				MARKETING_VERSION = 1.0;
				PRODUCT_BUNDLE_IDENTIFIER = "com.sla-vak.FoodPin";
				PRODUCT_NAME = "$(TARGET_NAME)";
				SWIFT_EMIT_LOC_STRINGS = YES;
				SWIFT_VERSION = 5.0;
				TARGETED_DEVICE_FAMILY = "1,2";
			};
			name = Debug;
		};
		F91914042860F13900E0609B /* Release */ = {
			isa = XCBuildConfiguration;
			buildSettings = {
				ASSETCATALOG_COMPILER_APPICON_NAME = AppIcon;
				ASSETCATALOG_COMPILER_GLOBAL_ACCENT_COLOR_NAME = AccentColor;
				CODE_SIGN_STYLE = Automatic;
				CURRENT_PROJECT_VERSION = 1;
				DEVELOPMENT_ASSET_PATHS = "\"FoodPin/Preview Content\"";
				DEVELOPMENT_TEAM = Z4H2Q2CW7B;
				ENABLE_PREVIEWS = YES;
				GENERATE_INFOPLIST_FILE = YES;
				INFOPLIST_FILE = FoodPin/Info.plist;
				INFOPLIST_KEY_UIApplicationSceneManifest_Generation = YES;
				INFOPLIST_KEY_UIApplicationSupportsIndirectInputEvents = YES;
				INFOPLIST_KEY_UILaunchScreen_Generation = YES;
				INFOPLIST_KEY_UISupportedInterfaceOrientations_iPad = "UIInterfaceOrientationPortrait UIInterfaceOrientationPortraitUpsideDown UIInterfaceOrientationLandscapeLeft UIInterfaceOrientationLandscapeRight";
				INFOPLIST_KEY_UISupportedInterfaceOrientations_iPhone = "UIInterfaceOrientationPortrait UIInterfaceOrientationLandscapeLeft UIInterfaceOrientationLandscapeRight";
				LD_RUNPATH_SEARCH_PATHS = (
					"$(inherited)",
					"@executable_path/Frameworks",
				);
				MARKETING_VERSION = 1.0;
				PRODUCT_BUNDLE_IDENTIFIER = "com.sla-vak.FoodPin";
				PRODUCT_NAME = "$(TARGET_NAME)";
				SWIFT_EMIT_LOC_STRINGS = YES;
				SWIFT_VERSION = 5.0;
				TARGETED_DEVICE_FAMILY = "1,2";
			};
			name = Release;
		};
		F91914062860F13900E0609B /* Debug */ = {
			isa = XCBuildConfiguration;
			buildSettings = {
				ALWAYS_EMBED_SWIFT_STANDARD_LIBRARIES = YES;
				BUNDLE_LOADER = "$(TEST_HOST)";
				CODE_SIGN_STYLE = Automatic;
				CURRENT_PROJECT_VERSION = 1;
				DEVELOPMENT_TEAM = Z4H2Q2CW7B;
				GENERATE_INFOPLIST_FILE = YES;
				IPHONEOS_DEPLOYMENT_TARGET = 15.5;
				MARKETING_VERSION = 1.0;
				PRODUCT_BUNDLE_IDENTIFIER = "com.sla-vak.FoodPinTests";
				PRODUCT_NAME = "$(TARGET_NAME)";
				SWIFT_EMIT_LOC_STRINGS = NO;
				SWIFT_VERSION = 5.0;
				TARGETED_DEVICE_FAMILY = "1,2";
				TEST_HOST = "$(BUILT_PRODUCTS_DIR)/FoodPin.app/FoodPin";
			};
			name = Debug;
		};
		F91914072860F13900E0609B /* Release */ = {
			isa = XCBuildConfiguration;
			buildSettings = {
				ALWAYS_EMBED_SWIFT_STANDARD_LIBRARIES = YES;
				BUNDLE_LOADER = "$(TEST_HOST)";
				CODE_SIGN_STYLE = Automatic;
				CURRENT_PROJECT_VERSION = 1;
				DEVELOPMENT_TEAM = Z4H2Q2CW7B;
				GENERATE_INFOPLIST_FILE = YES;
				IPHONEOS_DEPLOYMENT_TARGET = 15.5;
				MARKETING_VERSION = 1.0;
				PRODUCT_BUNDLE_IDENTIFIER = "com.sla-vak.FoodPinTests";
				PRODUCT_NAME = "$(TARGET_NAME)";
				SWIFT_EMIT_LOC_STRINGS = NO;
				SWIFT_VERSION = 5.0;
				TARGETED_DEVICE_FAMILY = "1,2";
				TEST_HOST = "$(BUILT_PRODUCTS_DIR)/FoodPin.app/FoodPin";
			};
			name = Release;
		};
		F91914092860F13900E0609B /* Debug */ = {
			isa = XCBuildConfiguration;
			buildSettings = {
				ALWAYS_EMBED_SWIFT_STANDARD_LIBRARIES = YES;
				CODE_SIGN_STYLE = Automatic;
				CURRENT_PROJECT_VERSION = 1;
				DEVELOPMENT_TEAM = Z4H2Q2CW7B;
				GENERATE_INFOPLIST_FILE = YES;
				MARKETING_VERSION = 1.0;
				PRODUCT_BUNDLE_IDENTIFIER = "com.sla-vak.FoodPinUITests";
				PRODUCT_NAME = "$(TARGET_NAME)";
				SWIFT_EMIT_LOC_STRINGS = NO;
				SWIFT_VERSION = 5.0;
				TARGETED_DEVICE_FAMILY = "1,2";
				TEST_TARGET_NAME = FoodPin;
			};
			name = Debug;
		};
		F919140A2860F13900E0609B /* Release */ = {
			isa = XCBuildConfiguration;
			buildSettings = {
				ALWAYS_EMBED_SWIFT_STANDARD_LIBRARIES = YES;
				CODE_SIGN_STYLE = Automatic;
				CURRENT_PROJECT_VERSION = 1;
				DEVELOPMENT_TEAM = Z4H2Q2CW7B;
				GENERATE_INFOPLIST_FILE = YES;
				MARKETING_VERSION = 1.0;
				PRODUCT_BUNDLE_IDENTIFIER = "com.sla-vak.FoodPinUITests";
				PRODUCT_NAME = "$(TARGET_NAME)";
				SWIFT_EMIT_LOC_STRINGS = NO;
				SWIFT_VERSION = 5.0;
				TARGETED_DEVICE_FAMILY = "1,2";
				TEST_TARGET_NAME = FoodPin;
			};
			name = Release;
		};
/* End XCBuildConfiguration section */

/* Begin XCConfigurationList section */
		F91913D92860F13700E0609B /* Build configuration list for PBXProject "FoodPin" */ = {
			isa = XCConfigurationList;
			buildConfigurations = (
				F91914002860F13900E0609B /* Debug */,
				F91914012860F13900E0609B /* Release */,
			);
			defaultConfigurationIsVisible = 0;
			defaultConfigurationName = Release;
		};
		F91914022860F13900E0609B /* Build configuration list for PBXNativeTarget "FoodPin" */ = {
			isa = XCConfigurationList;
			buildConfigurations = (
				F91914032860F13900E0609B /* Debug */,
				F91914042860F13900E0609B /* Release */,
			);
			defaultConfigurationIsVisible = 0;
			defaultConfigurationName = Release;
		};
		F91914052860F13900E0609B /* Build configuration list for PBXNativeTarget "FoodPinTests" */ = {
			isa = XCConfigurationList;
			buildConfigurations = (
				F91914062860F13900E0609B /* Debug */,
				F91914072860F13900E0609B /* Release */,
			);
			defaultConfigurationIsVisible = 0;
			defaultConfigurationName = Release;
		};
		F91914082860F13900E0609B /* Build configuration list for PBXNativeTarget "FoodPinUITests" */ = {
			isa = XCConfigurationList;
			buildConfigurations = (
				F91914092860F13900E0609B /* Debug */,
				F919140A2860F13900E0609B /* Release */,
			);
			defaultConfigurationIsVisible = 0;
			defaultConfigurationName = Release;
		};
/* End XCConfigurationList section */
	};
	rootObject = F91913D62860F13700E0609B /* Project object */;
}
